
Microsoft Visual Studio Solution File, Format Version 12.00
# Visual Studio Version 17
VisualStudioVersion = 17.8.34511.84
MinimumVisualStudioVersion = 10.0.40219.1
Project("{FAE04EC0-301F-11D3-BF4B-00C04F79EFBC}") = "LoggingInterface.CommonLogging", "LoggingInterface.CommonLogging\LoggingInterface.CommonLogging.csproj", "{0104486D-18D8-4E8E-9D58-6085DECBFCB3}"
EndProject
Global
	GlobalSection(SolutionConfigurationPlatforms) = preSolution
		Debug|Any CPU = Debug|Any CPU
		Release|Any CPU = Release|Any CPU
	EndGlobalSection
	GlobalSection(ProjectConfigurationPlatforms) = postSolution
		{0104486D-18D8-4E8E-9D58-6085DECBFCB3}.Debug|Any CPU.ActiveCfg = Debug|Any CPU
		{0104486D-18D8-4E8E-9D58-6085DECBFCB3}.Debug|Any CPU.Build.0 = Debug|Any CPU
		{0104486D-18D8-4E8E-9D58-6085DECBFCB3}.Release|Any CPU.ActiveCfg = Release|Any CPU
		{0104486D-18D8-4E8E-9D58-6085DECBFCB3}.Release|Any CPU.Build.0 = Release|Any CPU
	EndGlobalSection
	GlobalSection(SolutionProperties) = preSolution
		HideSolutionNode = FALSE
	EndGlobalSection
	GlobalSection(ExtensibilityGlobals) = postSolution
		SolutionGuid = {5FC70336-8228-43BB-860A-3EB26A70F111}
	EndGlobalSection
EndGlobal
